
Microsoft Visual Studio Solution File, Format Version 12.00
# Visual Studio Version 17
VisualStudioVersion = 17.6.33712.159
MinimumVisualStudioVersion = 10.0.40219.1
Project("{9A19103F-16F7-4668-BE54-9A1E7A4F7556}") = "HomeWork", "HomeWork\HomeWork.csproj", "{C927EDCE-6BBB-4DCA-B15C-143020D5434B}"
EndProject
Project("{9A19103F-16F7-4668-BE54-9A1E7A4F7556}") = "Compare", "Compare\Compare.csproj", "{500EC033-BC65-49C3-8F93-8D01BE11241D}"
EndProject
Project("{9A19103F-16F7-4668-BE54-9A1E7A4F7556}") = "adding structure objects", "adding structure objects\adding structure objects.csproj", "{3CD55FFB-0B6B-4B61-9145-2C09603344F1}"
EndProject
Project("{9A19103F-16F7-4668-BE54-9A1E7A4F7556}") = "Matrix", "Matrix\Matrix.csproj", "{A1027FD3-5A9D-44BF-B875-56CAC2F8997D}"
EndProject
Project("{9A19103F-16F7-4668-BE54-9A1E7A4F7556}") = "Project_homework_animal", "Animal\Project_homework_animal.csproj", "{A2E7632C-AAAF-49B8-BE67-88599C758545}"
EndProject
Project("{FAE04EC0-301F-11D3-BF4B-00C04F79EFBC}") = "Design a Library Management System", "Design a Library Management System\Design a Library Management System.csproj", "{650980B8-C4B7-45CD-A754-BE4974B85621}"
EndProject
Global
	GlobalSection(SolutionConfigurationPlatforms) = preSolution
		Debug|Any CPU = Debug|Any CPU
		Release|Any CPU = Release|Any CPU
	EndGlobalSection
	GlobalSection(ProjectConfigurationPlatforms) = postSolution
		{C927EDCE-6BBB-4DCA-B15C-143020D5434B}.Debug|Any CPU.ActiveCfg = Debug|Any CPU
		{C927EDCE-6BBB-4DCA-B15C-143020D5434B}.Debug|Any CPU.Build.0 = Debug|Any CPU
		{C927EDCE-6BBB-4DCA-B15C-143020D5434B}.Release|Any CPU.ActiveCfg = Release|Any CPU
		{C927EDCE-6BBB-4DCA-B15C-143020D5434B}.Release|Any CPU.Build.0 = Release|Any CPU
		{500EC033-BC65-49C3-8F93-8D01BE11241D}.Debug|Any CPU.ActiveCfg = Debug|Any CPU
		{500EC033-BC65-49C3-8F93-8D01BE11241D}.Debug|Any CPU.Build.0 = Debug|Any CPU
		{500EC033-BC65-49C3-8F93-8D01BE11241D}.Release|Any CPU.ActiveCfg = Release|Any CPU
		{500EC033-BC65-49C3-8F93-8D01BE11241D}.Release|Any CPU.Build.0 = Release|Any CPU
		{3CD55FFB-0B6B-4B61-9145-2C09603344F1}.Debug|Any CPU.ActiveCfg = Debug|Any CPU
		{3CD55FFB-0B6B-4B61-9145-2C09603344F1}.Debug|Any CPU.Build.0 = Debug|Any CPU
		{3CD55FFB-0B6B-4B61-9145-2C09603344F1}.Release|Any CPU.ActiveCfg = Release|Any CPU
		{3CD55FFB-0B6B-4B61-9145-2C09603344F1}.Release|Any CPU.Build.0 = Release|Any CPU
		{A1027FD3-5A9D-44BF-B875-56CAC2F8997D}.Debug|Any CPU.ActiveCfg = Debug|Any CPU
		{A1027FD3-5A9D-44BF-B875-56CAC2F8997D}.Debug|Any CPU.Build.0 = Debug|Any CPU
		{A1027FD3-5A9D-44BF-B875-56CAC2F8997D}.Release|Any CPU.ActiveCfg = Release|Any CPU
		{A1027FD3-5A9D-44BF-B875-56CAC2F8997D}.Release|Any CPU.Build.0 = Release|Any CPU
		{A2E7632C-AAAF-49B8-BE67-88599C758545}.Debug|Any CPU.ActiveCfg = Debug|Any CPU
		{A2E7632C-AAAF-49B8-BE67-88599C758545}.Debug|Any CPU.Build.0 = Debug|Any CPU
		{A2E7632C-AAAF-49B8-BE67-88599C758545}.Release|Any CPU.ActiveCfg = Release|Any CPU
		{A2E7632C-AAAF-49B8-BE67-88599C758545}.Release|Any CPU.Build.0 = Release|Any CPU
		{650980B8-C4B7-45CD-A754-BE4974B85621}.Debug|Any CPU.ActiveCfg = Debug|Any CPU
		{650980B8-C4B7-45CD-A754-BE4974B85621}.Debug|Any CPU.Build.0 = Debug|Any CPU
		{650980B8-C4B7-45CD-A754-BE4974B85621}.Release|Any CPU.ActiveCfg = Release|Any CPU
		{650980B8-C4B7-45CD-A754-BE4974B85621}.Release|Any CPU.Build.0 = Release|Any CPU
	EndGlobalSection
	GlobalSection(SolutionProperties) = preSolution
		HideSolutionNode = FALSE
	EndGlobalSection
	GlobalSection(ExtensibilityGlobals) = postSolution
		SolutionGuid = {7EAA47CB-99CA-4856-817C-DE51F5E87947}
	EndGlobalSection
EndGlobal
